
Microsoft Visual Studio Solution File, Format Version 12.00
# Visual Studio Version 17
VisualStudioVersion = 17.0.31903.59
MinimumVisualStudioVersion = 10.0.40219.1
Project("{2150E333-8FDC-42A3-9474-1A3956D46DE8}") = "Modules", "Modules", "{CA253913-39DE-BFD0-C9A3-4B7EC6FBDF17}"
EndProject
Project("{2150E333-8FDC-42A3-9474-1A3956D46DE8}") = "Movies", "Movies", "{900448DC-4253-47F1-9BC5-49F720760C76}"
EndProject
Project("{FAE04EC0-301F-11D3-BF4B-00C04F79EFBC}") = "CinemaBookingSystem.Modules.Movies.Application", "Modules\Movies\CinemaBookingSystem.Modules.Movies.Application\CinemaBookingSystem.Modules.Movies.Application.csproj", "{BE1CDA85-C47E-4F6F-B6CD-459DE13DD8D6}"
EndProject
Project("{FAE04EC0-301F-11D3-BF4B-00C04F79EFBC}") = "CinemaBookingSystem.Modules.Movies.Domain", "Modules\Movies\CinemaBookingSystem.Modules.Movies.Domain\CinemaBookingSystem.Modules.Movies.Domain.csproj", "{AADF769D-1359-419E-8912-867CB4AFD267}"
EndProject
Project("{FAE04EC0-301F-11D3-BF4B-00C04F79EFBC}") = "CinemaBookingSystem.Modules.Movies.Infrastructure", "Modules\Movies\CinemaBookingSystem.Modules.Movies.Infrastructure\CinemaBookingSystem.Modules.Movies.Infrastructure.csproj", "{03E588E7-54C4-460A-B3D0-4039A5387F8B}"
EndProject
Project("{FAE04EC0-301F-11D3-BF4B-00C04F79EFBC}") = "CinemaBookingSystem.Modules.Movies.Presentation", "Modules\Movies\CinemaBookingSystem.Modules.Movies.Presentation\CinemaBookingSystem.Modules.Movies.Presentation.csproj", "{2BDE5A51-916C-425C-B87D-48380E679DC3}"
EndProject
Project("{2150E333-8FDC-42A3-9474-1A3956D46DE8}") = "Payments", "Payments", "{BB0BEEE1-C6CC-7430-AB70-8D0C82AE13B4}"
EndProject
Project("{FAE04EC0-301F-11D3-BF4B-00C04F79EFBC}") = "CinemaBookingSystem.Modules.Payments.Application", "Modules\Payments\CinemaBookingSystem.Modules.Payments.Application\CinemaBookingSystem.Modules.Payments.Application.csproj", "{AF1974C9-F8C4-4DEF-B179-D7FBEE2FF2B9}"
EndProject
Project("{FAE04EC0-301F-11D3-BF4B-00C04F79EFBC}") = "CinemaBookingSystem.Modules.Payments.Domain", "Modules\Payments\CinemaBookingSystem.Modules.Payments.Domain\CinemaBookingSystem.Modules.Payments.Domain.csproj", "{4EE8EA06-FCBE-4F46-A92A-44F7FF3AF00E}"
EndProject
Project("{FAE04EC0-301F-11D3-BF4B-00C04F79EFBC}") = "CinemaBookingSystem.Modules.Payments.Infrastructure", "Modules\Payments\CinemaBookingSystem.Modules.Payments.Infrastructure\CinemaBookingSystem.Modules.Payments.Infrastructure.csproj", "{2E8917A5-DB8E-48A5-950F-EAE097D81C30}"
EndProject
Project("{FAE04EC0-301F-11D3-BF4B-00C04F79EFBC}") = "CinemaBookingSystem.Modules.Payments.Presentation", "Modules\Payments\CinemaBookingSystem.Modules.Payments.Presentation\CinemaBookingSystem.Modules.Payments.Presentation.csproj", "{929FBCD3-2002-4AE0-9A0E-3B9205AC4D4D}"
EndProject
Project("{2150E333-8FDC-42A3-9474-1A3956D46DE8}") = "Reservations", "Reservations", "{F47D598A-95F7-1C7E-14A3-978736B6800A}"
EndProject
Project("{FAE04EC0-301F-11D3-BF4B-00C04F79EFBC}") = "CinemaBookingSystem.Modules.Reservations.Application", "Modules\Reservations\CinemaBookingSystem.Modules.Reservations.Application\CinemaBookingSystem.Modules.Reservations.Application.csproj", "{FE5F10CD-62CF-43EF-A072-03F129D1E5F1}"
EndProject
Project("{FAE04EC0-301F-11D3-BF4B-00C04F79EFBC}") = "CinemaBookingSystem.Modules.Reservations.Domain", "Modules\Reservations\CinemaBookingSystem.Modules.Reservations.Domain\CinemaBookingSystem.Modules.Reservations.Domain.csproj", "{BA7698E5-03C1-420F-A53D-86CDF03FB351}"
EndProject
Project("{FAE04EC0-301F-11D3-BF4B-00C04F79EFBC}") = "CinemaBookingSystem.Modules.Reservations.Infrastructure", "Modules\Reservations\CinemaBookingSystem.Modules.Reservations.Infrastructure\CinemaBookingSystem.Modules.Reservations.Infrastructure.csproj", "{937D1384-3C1F-4F5A-9134-E09FEF274FB2}"
EndProject
Project("{FAE04EC0-301F-11D3-BF4B-00C04F79EFBC}") = "CinemaBookingSystem.Modules.Reservations.Presentation", "Modules\Reservations\CinemaBookingSystem.Modules.Reservations.Presentation\CinemaBookingSystem.Modules.Reservations.Presentation.csproj", "{D78C40D6-7227-4BC5-B8AE-370E74059F67}"
EndProject
Project("{2150E333-8FDC-42A3-9474-1A3956D46DE8}") = "Showtimes", "Showtimes", "{D45DF398-AADE-E378-9B8B-D453F74BDFDB}"
EndProject
Project("{FAE04EC0-301F-11D3-BF4B-00C04F79EFBC}") = "CinemaBookingSystem.Modules.Showtimes.Application", "Modules\Showtimes\CinemaBookingSystem.Modules.Showtimes.Application\CinemaBookingSystem.Modules.Showtimes.Application.csproj", "{3A58C03B-1D33-4EE1-AACF-6D3B65C4A9E8}"
EndProject
Project("{FAE04EC0-301F-11D3-BF4B-00C04F79EFBC}") = "CinemaBookingSystem.Modules.Showtimes.Domain", "Modules\Showtimes\CinemaBookingSystem.Modules.Showtimes.Domain\CinemaBookingSystem.Modules.Showtimes.Domain.csproj", "{C6696672-94C6-4E12-A97C-EA2092C0D762}"
EndProject
Project("{FAE04EC0-301F-11D3-BF4B-00C04F79EFBC}") = "CinemaBookingSystem.Modules.Showtimes.Infrastructure", "Modules\Showtimes\CinemaBookingSystem.Modules.Showtimes.Infrastructure\CinemaBookingSystem.Modules.Showtimes.Infrastructure.csproj", "{029493A1-B732-4EAE-BB2B-411ED0608B74}"
EndProject
Project("{FAE04EC0-301F-11D3-BF4B-00C04F79EFBC}") = "CinemaBookingSystem.Modules.Showtimes.Presentation", "Modules\Showtimes\CinemaBookingSystem.Modules.Showtimes.Presentation\CinemaBookingSystem.Modules.Showtimes.Presentation.csproj", "{153014C2-5492-4C0D-8E58-7E128565A87B}"
EndProject
Project("{2150E333-8FDC-42A3-9474-1A3956D46DE8}") = "Users", "Users", "{6E738700-F19F-83EF-9B5F-3C8900D73B86}"
EndProject
Project("{FAE04EC0-301F-11D3-BF4B-00C04F79EFBC}") = "CinemaBookingSystem.Modules.Users.Application", "Modules\Users\CinemaBookingSystem.Modules.Users.Application\CinemaBookingSystem.Modules.Users.Application.csproj", "{F3088E6F-D63E-440E-A5DD-F50984BC31A7}"
EndProject
Project("{FAE04EC0-301F-11D3-BF4B-00C04F79EFBC}") = "CinemaBookingSystem.Modules.Users.Domain", "Modules\Users\CinemaBookingSystem.Modules.Users.Domain\CinemaBookingSystem.Modules.Users.Domain.csproj", "{5273B14C-9A9F-4D6D-9151-E49D58A7B32F}"
EndProject
Project("{FAE04EC0-301F-11D3-BF4B-00C04F79EFBC}") = "CinemaBookingSystem.Modules.Users.Infrastructure", "Modules\Users\CinemaBookingSystem.Modules.Users.Infrastructure\CinemaBookingSystem.Modules.Users.Infrastructure.csproj", "{C8151198-4167-4ECB-AF64-644BE4E58258}"
EndProject
Project("{FAE04EC0-301F-11D3-BF4B-00C04F79EFBC}") = "CinemaBookingSystem.Modules.Users.Presentation", "Modules\Users\CinemaBookingSystem.Modules.Users.Presentation\CinemaBookingSystem.Modules.Users.Presentation.csproj", "{2B72AACE-513D-466E-8B24-0B22C8A6D67A}"
EndProject
Project("{2150E333-8FDC-42A3-9474-1A3956D46DE8}") = "Api", "Api", "{D82C56D6-B2CD-F611-9E31-04638F7EC30E}"
EndProject
Project("{FAE04EC0-301F-11D3-BF4B-00C04F79EFBC}") = "CinemaBookingSystem.Api", "Api\CinemaBookingSystem.Api\CinemaBookingSystem.Api.csproj", "{8BD3CD11-439A-4AC3-B82A-41016C263211}"
EndProject
Project("{2150E333-8FDC-42A3-9474-1A3956D46DE8}") = "Shared", "Shared", "{4F52FD11-658E-A102-6CD3-7D7C16FFA15B}"
EndProject
Project("{FAE04EC0-301F-11D3-BF4B-00C04F79EFBC}") = "CinemaBookingSystem.Shared.Application", "Shared\CinemaBookingSystem.Shared.Application\CinemaBookingSystem.Shared.Application.csproj", "{DD351F1A-D873-4078-AE38-F5C9E620D477}"
EndProject
Project("{FAE04EC0-301F-11D3-BF4B-00C04F79EFBC}") = "CinemaBookingSystem.Shared.Domain", "Shared\CinemaBookingSystem.Shared.Domain\CinemaBookingSystem.Shared.Domain.csproj", "{4AEBFA93-07BB-40A5-BAEB-B761EF6AE5BB}"
EndProject
Project("{FAE04EC0-301F-11D3-BF4B-00C04F79EFBC}") = "CinemaBookingSystem.Shared.Infrastructure", "Shared\CinemaBookingSystem.Shared.Infrastructure\CinemaBookingSystem.Shared.Infrastructure.csproj", "{98E58001-40F5-4E03-9210-DC7F2B48E3D8}"
EndProject
Project("{FAE04EC0-301F-11D3-BF4B-00C04F79EFBC}") = "CinemaBookingSystem.Shared.Presentation", "Shared\CinemaBookingSystem.Shared.Presentation\CinemaBookingSystem.Shared.Presentation.csproj", "{4997FAAC-1D9A-4FDF-8937-F342B2BC5FB7}"
EndProject
Global
	GlobalSection(SolutionConfigurationPlatforms) = preSolution
		Debug|Any CPU = Debug|Any CPU
		Debug|x64 = Debug|x64
		Debug|x86 = Debug|x86
		Release|Any CPU = Release|Any CPU
		Release|x64 = Release|x64
		Release|x86 = Release|x86
	EndGlobalSection
	GlobalSection(ProjectConfigurationPlatforms) = postSolution
		{BE1CDA85-C47E-4F6F-B6CD-459DE13DD8D6}.Debug|Any CPU.ActiveCfg = Debug|Any CPU
		{BE1CDA85-C47E-4F6F-B6CD-459DE13DD8D6}.Debug|Any CPU.Build.0 = Debug|Any CPU
		{BE1CDA85-C47E-4F6F-B6CD-459DE13DD8D6}.Debug|x64.ActiveCfg = Debug|Any CPU
		{BE1CDA85-C47E-4F6F-B6CD-459DE13DD8D6}.Debug|x64.Build.0 = Debug|Any CPU
		{BE1CDA85-C47E-4F6F-B6CD-459DE13DD8D6}.Debug|x86.ActiveCfg = Debug|Any CPU
		{BE1CDA85-C47E-4F6F-B6CD-459DE13DD8D6}.Debug|x86.Build.0 = Debug|Any CPU
		{BE1CDA85-C47E-4F6F-B6CD-459DE13DD8D6}.Release|Any CPU.ActiveCfg = Release|Any CPU
		{BE1CDA85-C47E-4F6F-B6CD-459DE13DD8D6}.Release|Any CPU.Build.0 = Release|Any CPU
		{BE1CDA85-C47E-4F6F-B6CD-459DE13DD8D6}.Release|x64.ActiveCfg = Release|Any CPU
		{BE1CDA85-C47E-4F6F-B6CD-459DE13DD8D6}.Release|x64.Build.0 = Release|Any CPU
		{BE1CDA85-C47E-4F6F-B6CD-459DE13DD8D6}.Release|x86.ActiveCfg = Release|Any CPU
		{BE1CDA85-C47E-4F6F-B6CD-459DE13DD8D6}.Release|x86.Build.0 = Release|Any CPU
		{AADF769D-1359-419E-8912-867CB4AFD267}.Debug|Any CPU.ActiveCfg = Debug|Any CPU
		{AADF769D-1359-419E-8912-867CB4AFD267}.Debug|Any CPU.Build.0 = Debug|Any CPU
		{AADF769D-1359-419E-8912-867CB4AFD267}.Debug|x64.ActiveCfg = Debug|Any CPU
		{AADF769D-1359-419E-8912-867CB4AFD267}.Debug|x64.Build.0 = Debug|Any CPU
		{AADF769D-1359-419E-8912-867CB4AFD267}.Debug|x86.ActiveCfg = Debug|Any CPU
		{AADF769D-1359-419E-8912-867CB4AFD267}.Debug|x86.Build.0 = Debug|Any CPU
		{AADF769D-1359-419E-8912-867CB4AFD267}.Release|Any CPU.ActiveCfg = Release|Any CPU
		{AADF769D-1359-419E-8912-867CB4AFD267}.Release|Any CPU.Build.0 = Release|Any CPU
		{AADF769D-1359-419E-8912-867CB4AFD267}.Release|x64.ActiveCfg = Release|Any CPU
		{AADF769D-1359-419E-8912-867CB4AFD267}.Release|x64.Build.0 = Release|Any CPU
		{AADF769D-1359-419E-8912-867CB4AFD267}.Release|x86.ActiveCfg = Release|Any CPU
		{AADF769D-1359-419E-8912-867CB4AFD267}.Release|x86.Build.0 = Release|Any CPU
		{03E588E7-54C4-460A-B3D0-4039A5387F8B}.Debug|Any CPU.ActiveCfg = Debug|Any CPU
		{03E588E7-54C4-460A-B3D0-4039A5387F8B}.Debug|Any CPU.Build.0 = Debug|Any CPU
		{03E588E7-54C4-460A-B3D0-4039A5387F8B}.Debug|x64.ActiveCfg = Debug|Any CPU
		{03E588E7-54C4-460A-B3D0-4039A5387F8B}.Debug|x64.Build.0 = Debug|Any CPU
		{03E588E7-54C4-460A-B3D0-4039A5387F8B}.Debug|x86.ActiveCfg = Debug|Any CPU
		{03E588E7-54C4-460A-B3D0-4039A5387F8B}.Debug|x86.Build.0 = Debug|Any CPU
		{03E588E7-54C4-460A-B3D0-4039A5387F8B}.Release|Any CPU.ActiveCfg = Release|Any CPU
		{03E588E7-54C4-460A-B3D0-4039A5387F8B}.Release|Any CPU.Build.0 = Release|Any CPU
		{03E588E7-54C4-460A-B3D0-4039A5387F8B}.Release|x64.ActiveCfg = Release|Any CPU
		{03E588E7-54C4-460A-B3D0-4039A5387F8B}.Release|x64.Build.0 = Release|Any CPU
		{03E588E7-54C4-460A-B3D0-4039A5387F8B}.Release|x86.ActiveCfg = Release|Any CPU
		{03E588E7-54C4-460A-B3D0-4039A5387F8B}.Release|x86.Build.0 = Release|Any CPU
		{2BDE5A51-916C-425C-B87D-48380E679DC3}.Debug|Any CPU.ActiveCfg = Debug|Any CPU
		{2BDE5A51-916C-425C-B87D-48380E679DC3}.Debug|Any CPU.Build.0 = Debug|Any CPU
		{2BDE5A51-916C-425C-B87D-48380E679DC3}.Debug|x64.ActiveCfg = Debug|Any CPU
		{2BDE5A51-916C-425C-B87D-48380E679DC3}.Debug|x64.Build.0 = Debug|Any CPU
		{2BDE5A51-916C-425C-B87D-48380E679DC3}.Debug|x86.ActiveCfg = Debug|Any CPU
		{2BDE5A51-916C-425C-B87D-48380E679DC3}.Debug|x86.Build.0 = Debug|Any CPU
		{2BDE5A51-916C-425C-B87D-48380E679DC3}.Release|Any CPU.ActiveCfg = Release|Any CPU
		{2BDE5A51-916C-425C-B87D-48380E679DC3}.Release|Any CPU.Build.0 = Release|Any CPU
		{2BDE5A51-916C-425C-B87D-48380E679DC3}.Release|x64.ActiveCfg = Release|Any CPU
		{2BDE5A51-916C-425C-B87D-48380E679DC3}.Release|x64.Build.0 = Release|Any CPU
		{2BDE5A51-916C-425C-B87D-48380E679DC3}.Release|x86.ActiveCfg = Release|Any CPU
		{2BDE5A51-916C-425C-B87D-48380E679DC3}.Release|x86.Build.0 = Release|Any CPU
		{AF1974C9-F8C4-4DEF-B179-D7FBEE2FF2B9}.Debug|Any CPU.ActiveCfg = Debug|Any CPU
		{AF1974C9-F8C4-4DEF-B179-D7FBEE2FF2B9}.Debug|Any CPU.Build.0 = Debug|Any CPU
		{AF1974C9-F8C4-4DEF-B179-D7FBEE2FF2B9}.Debug|x64.ActiveCfg = Debug|Any CPU
		{AF1974C9-F8C4-4DEF-B179-D7FBEE2FF2B9}.Debug|x64.Build.0 = Debug|Any CPU
		{AF1974C9-F8C4-4DEF-B179-D7FBEE2FF2B9}.Debug|x86.ActiveCfg = Debug|Any CPU
		{AF1974C9-F8C4-4DEF-B179-D7FBEE2FF2B9}.Debug|x86.Build.0 = Debug|Any CPU
		{AF1974C9-F8C4-4DEF-B179-D7FBEE2FF2B9}.Release|Any CPU.ActiveCfg = Release|Any CPU
		{AF1974C9-F8C4-4DEF-B179-D7FBEE2FF2B9}.Release|Any CPU.Build.0 = Release|Any CPU
		{AF1974C9-F8C4-4DEF-B179-D7FBEE2FF2B9}.Release|x64.ActiveCfg = Release|Any CPU
		{AF1974C9-F8C4-4DEF-B179-D7FBEE2FF2B9}.Release|x64.Build.0 = Release|Any CPU
		{AF1974C9-F8C4-4DEF-B179-D7FBEE2FF2B9}.Release|x86.ActiveCfg = Release|Any CPU
		{AF1974C9-F8C4-4DEF-B179-D7FBEE2FF2B9}.Release|x86.Build.0 = Release|Any CPU
		{4EE8EA06-FCBE-4F46-A92A-44F7FF3AF00E}.Debug|Any CPU.ActiveCfg = Debug|Any CPU
		{4EE8EA06-FCBE-4F46-A92A-44F7FF3AF00E}.Debug|Any CPU.Build.0 = Debug|Any CPU
		{4EE8EA06-FCBE-4F46-A92A-44F7FF3AF00E}.Debug|x64.ActiveCfg = Debug|Any CPU
		{4EE8EA06-FCBE-4F46-A92A-44F7FF3AF00E}.Debug|x64.Build.0 = Debug|Any CPU
		{4EE8EA06-FCBE-4F46-A92A-44F7FF3AF00E}.Debug|x86.ActiveCfg = Debug|Any CPU
		{4EE8EA06-FCBE-4F46-A92A-44F7FF3AF00E}.Debug|x86.Build.0 = Debug|Any CPU
		{4EE8EA06-FCBE-4F46-A92A-44F7FF3AF00E}.Release|Any CPU.ActiveCfg = Release|Any CPU
		{4EE8EA06-FCBE-4F46-A92A-44F7FF3AF00E}.Release|Any CPU.Build.0 = Release|Any CPU
		{4EE8EA06-FCBE-4F46-A92A-44F7FF3AF00E}.Release|x64.ActiveCfg = Release|Any CPU
		{4EE8EA06-FCBE-4F46-A92A-44F7FF3AF00E}.Release|x64.Build.0 = Release|Any CPU
		{4EE8EA06-FCBE-4F46-A92A-44F7FF3AF00E}.Release|x86.ActiveCfg = Release|Any CPU
		{4EE8EA06-FCBE-4F46-A92A-44F7FF3AF00E}.Release|x86.Build.0 = Release|Any CPU
		{2E8917A5-DB8E-48A5-950F-EAE097D81C30}.Debug|Any CPU.ActiveCfg = Debug|Any CPU
		{2E8917A5-DB8E-48A5-950F-EAE097D81C30}.Debug|Any CPU.Build.0 = Debug|Any CPU
		{2E8917A5-DB8E-48A5-950F-EAE097D81C30}.Debug|x64.ActiveCfg = Debug|Any CPU
		{2E8917A5-DB8E-48A5-950F-EAE097D81C30}.Debug|x64.Build.0 = Debug|Any CPU
		{2E8917A5-DB8E-48A5-950F-EAE097D81C30}.Debug|x86.ActiveCfg = Debug|Any CPU
		{2E8917A5-DB8E-48A5-950F-EAE097D81C30}.Debug|x86.Build.0 = Debug|Any CPU
		{2E8917A5-DB8E-48A5-950F-EAE097D81C30}.Release|Any CPU.ActiveCfg = Release|Any CPU
		{2E8917A5-DB8E-48A5-950F-EAE097D81C30}.Release|Any CPU.Build.0 = Release|Any CPU
		{2E8917A5-DB8E-48A5-950F-EAE097D81C30}.Release|x64.ActiveCfg = Release|Any CPU
		{2E8917A5-DB8E-48A5-950F-EAE097D81C30}.Release|x64.Build.0 = Release|Any CPU
		{2E8917A5-DB8E-48A5-950F-EAE097D81C30}.Release|x86.ActiveCfg = Release|Any CPU
		{2E8917A5-DB8E-48A5-950F-EAE097D81C30}.Release|x86.Build.0 = Release|Any CPU
		{929FBCD3-2002-4AE0-9A0E-3B9205AC4D4D}.Debug|Any CPU.ActiveCfg = Debug|Any CPU
		{929FBCD3-2002-4AE0-9A0E-3B9205AC4D4D}.Debug|Any CPU.Build.0 = Debug|Any CPU
		{929FBCD3-2002-4AE0-9A0E-3B9205AC4D4D}.Debug|x64.ActiveCfg = Debug|Any CPU
		{929FBCD3-2002-4AE0-9A0E-3B9205AC4D4D}.Debug|x64.Build.0 = Debug|Any CPU
		{929FBCD3-2002-4AE0-9A0E-3B9205AC4D4D}.Debug|x86.ActiveCfg = Debug|Any CPU
		{929FBCD3-2002-4AE0-9A0E-3B9205AC4D4D}.Debug|x86.Build.0 = Debug|Any CPU
		{929FBCD3-2002-4AE0-9A0E-3B9205AC4D4D}.Release|Any CPU.ActiveCfg = Release|Any CPU
		{929FBCD3-2002-4AE0-9A0E-3B9205AC4D4D}.Release|Any CPU.Build.0 = Release|Any CPU
		{929FBCD3-2002-4AE0-9A0E-3B9205AC4D4D}.Release|x64.ActiveCfg = Release|Any CPU
		{929FBCD3-2002-4AE0-9A0E-3B9205AC4D4D}.Release|x64.Build.0 = Release|Any CPU
		{929FBCD3-2002-4AE0-9A0E-3B9205AC4D4D}.Release|x86.ActiveCfg = Release|Any CPU
		{929FBCD3-2002-4AE0-9A0E-3B9205AC4D4D}.Release|x86.Build.0 = Release|Any CPU
		{FE5F10CD-62CF-43EF-A072-03F129D1E5F1}.Debug|Any CPU.ActiveCfg = Debug|Any CPU
		{FE5F10CD-62CF-43EF-A072-03F129D1E5F1}.Debug|Any CPU.Build.0 = Debug|Any CPU
		{FE5F10CD-62CF-43EF-A072-03F129D1E5F1}.Debug|x64.ActiveCfg = Debug|Any CPU
		{FE5F10CD-62CF-43EF-A072-03F129D1E5F1}.Debug|x64.Build.0 = Debug|Any CPU
		{FE5F10CD-62CF-43EF-A072-03F129D1E5F1}.Debug|x86.ActiveCfg = Debug|Any CPU
		{FE5F10CD-62CF-43EF-A072-03F129D1E5F1}.Debug|x86.Build.0 = Debug|Any CPU
		{FE5F10CD-62CF-43EF-A072-03F129D1E5F1}.Release|Any CPU.ActiveCfg = Release|Any CPU
		{FE5F10CD-62CF-43EF-A072-03F129D1E5F1}.Release|Any CPU.Build.0 = Release|Any CPU
		{FE5F10CD-62CF-43EF-A072-03F129D1E5F1}.Release|x64.ActiveCfg = Release|Any CPU
		{FE5F10CD-62CF-43EF-A072-03F129D1E5F1}.Release|x64.Build.0 = Release|Any CPU
		{FE5F10CD-62CF-43EF-A072-03F129D1E5F1}.Release|x86.ActiveCfg = Release|Any CPU
		{FE5F10CD-62CF-43EF-A072-03F129D1E5F1}.Release|x86.Build.0 = Release|Any CPU
		{BA7698E5-03C1-420F-A53D-86CDF03FB351}.Debug|Any CPU.ActiveCfg = Debug|Any CPU
		{BA7698E5-03C1-420F-A53D-86CDF03FB351}.Debug|Any CPU.Build.0 = Debug|Any CPU
		{BA7698E5-03C1-420F-A53D-86CDF03FB351}.Debug|x64.ActiveCfg = Debug|Any CPU
		{BA7698E5-03C1-420F-A53D-86CDF03FB351}.Debug|x64.Build.0 = Debug|Any CPU
		{BA7698E5-03C1-420F-A53D-86CDF03FB351}.Debug|x86.ActiveCfg = Debug|Any CPU
		{BA7698E5-03C1-420F-A53D-86CDF03FB351}.Debug|x86.Build.0 = Debug|Any CPU
		{BA7698E5-03C1-420F-A53D-86CDF03FB351}.Release|Any CPU.ActiveCfg = Release|Any CPU
		{BA7698E5-03C1-420F-A53D-86CDF03FB351}.Release|Any CPU.Build.0 = Release|Any CPU
		{BA7698E5-03C1-420F-A53D-86CDF03FB351}.Release|x64.ActiveCfg = Release|Any CPU
		{BA7698E5-03C1-420F-A53D-86CDF03FB351}.Release|x64.Build.0 = Release|Any CPU
		{BA7698E5-03C1-420F-A53D-86CDF03FB351}.Release|x86.ActiveCfg = Release|Any CPU
		{BA7698E5-03C1-420F-A53D-86CDF03FB351}.Release|x86.Build.0 = Release|Any CPU
		{937D1384-3C1F-4F5A-9134-E09FEF274FB2}.Debug|Any CPU.ActiveCfg = Debug|Any CPU
		{937D1384-3C1F-4F5A-9134-E09FEF274FB2}.Debug|Any CPU.Build.0 = Debug|Any CPU
		{937D1384-3C1F-4F5A-9134-E09FEF274FB2}.Debug|x64.ActiveCfg = Debug|Any CPU
		{937D1384-3C1F-4F5A-9134-E09FEF274FB2}.Debug|x64.Build.0 = Debug|Any CPU
		{937D1384-3C1F-4F5A-9134-E09FEF274FB2}.Debug|x86.ActiveCfg = Debug|Any CPU
		{937D1384-3C1F-4F5A-9134-E09FEF274FB2}.Debug|x86.Build.0 = Debug|Any CPU
		{937D1384-3C1F-4F5A-9134-E09FEF274FB2}.Release|Any CPU.ActiveCfg = Release|Any CPU
		{937D1384-3C1F-4F5A-9134-E09FEF274FB2}.Release|Any CPU.Build.0 = Release|Any CPU
		{937D1384-3C1F-4F5A-9134-E09FEF274FB2}.Release|x64.ActiveCfg = Release|Any CPU
		{937D1384-3C1F-4F5A-9134-E09FEF274FB2}.Release|x64.Build.0 = Release|Any CPU
		{937D1384-3C1F-4F5A-9134-E09FEF274FB2}.Release|x86.ActiveCfg = Release|Any CPU
		{937D1384-3C1F-4F5A-9134-E09FEF274FB2}.Release|x86.Build.0 = Release|Any CPU
		{D78C40D6-7227-4BC5-B8AE-370E74059F67}.Debug|Any CPU.ActiveCfg = Debug|Any CPU
		{D78C40D6-7227-4BC5-B8AE-370E74059F67}.Debug|Any CPU.Build.0 = Debug|Any CPU
		{D78C40D6-7227-4BC5-B8AE-370E74059F67}.Debug|x64.ActiveCfg = Debug|Any CPU
		{D78C40D6-7227-4BC5-B8AE-370E74059F67}.Debug|x64.Build.0 = Debug|Any CPU
		{D78C40D6-7227-4BC5-B8AE-370E74059F67}.Debug|x86.ActiveCfg = Debug|Any CPU
		{D78C40D6-7227-4BC5-B8AE-370E74059F67}.Debug|x86.Build.0 = Debug|Any CPU
		{D78C40D6-7227-4BC5-B8AE-370E74059F67}.Release|Any CPU.ActiveCfg = Release|Any CPU
		{D78C40D6-7227-4BC5-B8AE-370E74059F67}.Release|Any CPU.Build.0 = Release|Any CPU
		{D78C40D6-7227-4BC5-B8AE-370E74059F67}.Release|x64.ActiveCfg = Release|Any CPU
		{D78C40D6-7227-4BC5-B8AE-370E74059F67}.Release|x64.Build.0 = Release|Any CPU
		{D78C40D6-7227-4BC5-B8AE-370E74059F67}.Release|x86.ActiveCfg = Release|Any CPU
		{D78C40D6-7227-4BC5-B8AE-370E74059F67}.Release|x86.Build.0 = Release|Any CPU
		{3A58C03B-1D33-4EE1-AACF-6D3B65C4A9E8}.Debug|Any CPU.ActiveCfg = Debug|Any CPU
		{3A58C03B-1D33-4EE1-AACF-6D3B65C4A9E8}.Debug|Any CPU.Build.0 = Debug|Any CPU
		{3A58C03B-1D33-4EE1-AACF-6D3B65C4A9E8}.Debug|x64.ActiveCfg = Debug|Any CPU
		{3A58C03B-1D33-4EE1-AACF-6D3B65C4A9E8}.Debug|x64.Build.0 = Debug|Any CPU
		{3A58C03B-1D33-4EE1-AACF-6D3B65C4A9E8}.Debug|x86.ActiveCfg = Debug|Any CPU
		{3A58C03B-1D33-4EE1-AACF-6D3B65C4A9E8}.Debug|x86.Build.0 = Debug|Any CPU
		{3A58C03B-1D33-4EE1-AACF-6D3B65C4A9E8}.Release|Any CPU.ActiveCfg = Release|Any CPU
		{3A58C03B-1D33-4EE1-AACF-6D3B65C4A9E8}.Release|Any CPU.Build.0 = Release|Any CPU
		{3A58C03B-1D33-4EE1-AACF-6D3B65C4A9E8}.Release|x64.ActiveCfg = Release|Any CPU
		{3A58C03B-1D33-4EE1-AACF-6D3B65C4A9E8}.Release|x64.Build.0 = Release|Any CPU
		{3A58C03B-1D33-4EE1-AACF-6D3B65C4A9E8}.Release|x86.ActiveCfg = Release|Any CPU
		{3A58C03B-1D33-4EE1-AACF-6D3B65C4A9E8}.Release|x86.Build.0 = Release|Any CPU
		{C6696672-94C6-4E12-A97C-EA2092C0D762}.Debug|Any CPU.ActiveCfg = Debug|Any CPU
		{C6696672-94C6-4E12-A97C-EA2092C0D762}.Debug|Any CPU.Build.0 = Debug|Any CPU
		{C6696672-94C6-4E12-A97C-EA2092C0D762}.Debug|x64.ActiveCfg = Debug|Any CPU
		{C6696672-94C6-4E12-A97C-EA2092C0D762}.Debug|x64.Build.0 = Debug|Any CPU
		{C6696672-94C6-4E12-A97C-EA2092C0D762}.Debug|x86.ActiveCfg = Debug|Any CPU
		{C6696672-94C6-4E12-A97C-EA2092C0D762}.Debug|x86.Build.0 = Debug|Any CPU
		{C6696672-94C6-4E12-A97C-EA2092C0D762}.Release|Any CPU.ActiveCfg = Release|Any CPU
		{C6696672-94C6-4E12-A97C-EA2092C0D762}.Release|Any CPU.Build.0 = Release|Any CPU
		{C6696672-94C6-4E12-A97C-EA2092C0D762}.Release|x64.ActiveCfg = Release|Any CPU
		{C6696672-94C6-4E12-A97C-EA2092C0D762}.Release|x64.Build.0 = Release|Any CPU
		{C6696672-94C6-4E12-A97C-EA2092C0D762}.Release|x86.ActiveCfg = Release|Any CPU
		{C6696672-94C6-4E12-A97C-EA2092C0D762}.Release|x86.Build.0 = Release|Any CPU
		{029493A1-B732-4EAE-BB2B-411ED0608B74}.Debug|Any CPU.ActiveCfg = Debug|Any CPU
		{029493A1-B732-4EAE-BB2B-411ED0608B74}.Debug|Any CPU.Build.0 = Debug|Any CPU
		{029493A1-B732-4EAE-BB2B-411ED0608B74}.Debug|x64.ActiveCfg = Debug|Any CPU
		{029493A1-B732-4EAE-BB2B-411ED0608B74}.Debug|x64.Build.0 = Debug|Any CPU
		{029493A1-B732-4EAE-BB2B-411ED0608B74}.Debug|x86.ActiveCfg = Debug|Any CPU
		{029493A1-B732-4EAE-BB2B-411ED0608B74}.Debug|x86.Build.0 = Debug|Any CPU
		{029493A1-B732-4EAE-BB2B-411ED0608B74}.Release|Any CPU.ActiveCfg = Release|Any CPU
		{029493A1-B732-4EAE-BB2B-411ED0608B74}.Release|Any CPU.Build.0 = Release|Any CPU
		{029493A1-B732-4EAE-BB2B-411ED0608B74}.Release|x64.ActiveCfg = Release|Any CPU
		{029493A1-B732-4EAE-BB2B-411ED0608B74}.Release|x64.Build.0 = Release|Any CPU
		{029493A1-B732-4EAE-BB2B-411ED0608B74}.Release|x86.ActiveCfg = Release|Any CPU
		{029493A1-B732-4EAE-BB2B-411ED0608B74}.Release|x86.Build.0 = Release|Any CPU
		{153014C2-5492-4C0D-8E58-7E128565A87B}.Debug|Any CPU.ActiveCfg = Debug|Any CPU
		{153014C2-5492-4C0D-8E58-7E128565A87B}.Debug|Any CPU.Build.0 = Debug|Any CPU
		{153014C2-5492-4C0D-8E58-7E128565A87B}.Debug|x64.ActiveCfg = Debug|Any CPU
		{153014C2-5492-4C0D-8E58-7E128565A87B}.Debug|x64.Build.0 = Debug|Any CPU
		{153014C2-5492-4C0D-8E58-7E128565A87B}.Debug|x86.ActiveCfg = Debug|Any CPU
		{153014C2-5492-4C0D-8E58-7E128565A87B}.Debug|x86.Build.0 = Debug|Any CPU
		{153014C2-5492-4C0D-8E58-7E128565A87B}.Release|Any CPU.ActiveCfg = Release|Any CPU
		{153014C2-5492-4C0D-8E58-7E128565A87B}.Release|Any CPU.Build.0 = Release|Any CPU
		{153014C2-5492-4C0D-8E58-7E128565A87B}.Release|x64.ActiveCfg = Release|Any CPU
		{153014C2-5492-4C0D-8E58-7E128565A87B}.Release|x64.Build.0 = Release|Any CPU
		{153014C2-5492-4C0D-8E58-7E128565A87B}.Release|x86.ActiveCfg = Release|Any CPU
		{153014C2-5492-4C0D-8E58-7E128565A87B}.Release|x86.Build.0 = Release|Any CPU
		{F3088E6F-D63E-440E-A5DD-F50984BC31A7}.Debug|Any CPU.ActiveCfg = Debug|Any CPU
		{F3088E6F-D63E-440E-A5DD-F50984BC31A7}.Debug|Any CPU.Build.0 = Debug|Any CPU
		{F3088E6F-D63E-440E-A5DD-F50984BC31A7}.Debug|x64.ActiveCfg = Debug|Any CPU
		{F3088E6F-D63E-440E-A5DD-F50984BC31A7}.Debug|x64.Build.0 = Debug|Any CPU
		{F3088E6F-D63E-440E-A5DD-F50984BC31A7}.Debug|x86.ActiveCfg = Debug|Any CPU
		{F3088E6F-D63E-440E-A5DD-F50984BC31A7}.Debug|x86.Build.0 = Debug|Any CPU
		{F3088E6F-D63E-440E-A5DD-F50984BC31A7}.Release|Any CPU.ActiveCfg = Release|Any CPU
		{F3088E6F-D63E-440E-A5DD-F50984BC31A7}.Release|Any CPU.Build.0 = Release|Any CPU
		{F3088E6F-D63E-440E-A5DD-F50984BC31A7}.Release|x64.ActiveCfg = Release|Any CPU
		{F3088E6F-D63E-440E-A5DD-F50984BC31A7}.Release|x64.Build.0 = Release|Any CPU
		{F3088E6F-D63E-440E-A5DD-F50984BC31A7}.Release|x86.ActiveCfg = Release|Any CPU
		{F3088E6F-D63E-440E-A5DD-F50984BC31A7}.Release|x86.Build.0 = Release|Any CPU
		{5273B14C-9A9F-4D6D-9151-E49D58A7B32F}.Debug|Any CPU.ActiveCfg = Debug|Any CPU
		{5273B14C-9A9F-4D6D-9151-E49D58A7B32F}.Debug|Any CPU.Build.0 = Debug|Any CPU
		{5273B14C-9A9F-4D6D-9151-E49D58A7B32F}.Debug|x64.ActiveCfg = Debug|Any CPU
		{5273B14C-9A9F-4D6D-9151-E49D58A7B32F}.Debug|x64.Build.0 = Debug|Any CPU
		{5273B14C-9A9F-4D6D-9151-E49D58A7B32F}.Debug|x86.ActiveCfg = Debug|Any CPU
		{5273B14C-9A9F-4D6D-9151-E49D58A7B32F}.Debug|x86.Build.0 = Debug|Any CPU
		{5273B14C-9A9F-4D6D-9151-E49D58A7B32F}.Release|Any CPU.ActiveCfg = Release|Any CPU
		{5273B14C-9A9F-4D6D-9151-E49D58A7B32F}.Release|Any CPU.Build.0 = Release|Any CPU
		{5273B14C-9A9F-4D6D-9151-E49D58A7B32F}.Release|x64.ActiveCfg = Release|Any CPU
		{5273B14C-9A9F-4D6D-9151-E49D58A7B32F}.Release|x64.Build.0 = Release|Any CPU
		{5273B14C-9A9F-4D6D-9151-E49D58A7B32F}.Release|x86.ActiveCfg = Release|Any CPU
		{5273B14C-9A9F-4D6D-9151-E49D58A7B32F}.Release|x86.Build.0 = Release|Any CPU
		{C8151198-4167-4ECB-AF64-644BE4E58258}.Debug|Any CPU.ActiveCfg = Debug|Any CPU
		{C8151198-4167-4ECB-AF64-644BE4E58258}.Debug|Any CPU.Build.0 = Debug|Any CPU
		{C8151198-4167-4ECB-AF64-644BE4E58258}.Debug|x64.ActiveCfg = Debug|Any CPU
		{C8151198-4167-4ECB-AF64-644BE4E58258}.Debug|x64.Build.0 = Debug|Any CPU
		{C8151198-4167-4ECB-AF64-644BE4E58258}.Debug|x86.ActiveCfg = Debug|Any CPU
		{C8151198-4167-4ECB-AF64-644BE4E58258}.Debug|x86.Build.0 = Debug|Any CPU
		{C8151198-4167-4ECB-AF64-644BE4E58258}.Release|Any CPU.ActiveCfg = Release|Any CPU
		{C8151198-4167-4ECB-AF64-644BE4E58258}.Release|Any CPU.Build.0 = Release|Any CPU
		{C8151198-4167-4ECB-AF64-644BE4E58258}.Release|x64.ActiveCfg = Release|Any CPU
		{C8151198-4167-4ECB-AF64-644BE4E58258}.Release|x64.Build.0 = Release|Any CPU
		{C8151198-4167-4ECB-AF64-644BE4E58258}.Release|x86.ActiveCfg = Release|Any CPU
		{C8151198-4167-4ECB-AF64-644BE4E58258}.Release|x86.Build.0 = Release|Any CPU
		{2B72AACE-513D-466E-8B24-0B22C8A6D67A}.Debug|Any CPU.ActiveCfg = Debug|Any CPU
		{2B72AACE-513D-466E-8B24-0B22C8A6D67A}.Debug|Any CPU.Build.0 = Debug|Any CPU
		{2B72AACE-513D-466E-8B24-0B22C8A6D67A}.Debug|x64.ActiveCfg = Debug|Any CPU
		{2B72AACE-513D-466E-8B24-0B22C8A6D67A}.Debug|x64.Build.0 = Debug|Any CPU
		{2B72AACE-513D-466E-8B24-0B22C8A6D67A}.Debug|x86.ActiveCfg = Debug|Any CPU
		{2B72AACE-513D-466E-8B24-0B22C8A6D67A}.Debug|x86.Build.0 = Debug|Any CPU
		{2B72AACE-513D-466E-8B24-0B22C8A6D67A}.Release|Any CPU.ActiveCfg = Release|Any CPU
		{2B72AACE-513D-466E-8B24-0B22C8A6D67A}.Release|Any CPU.Build.0 = Release|Any CPU
		{2B72AACE-513D-466E-8B24-0B22C8A6D67A}.Release|x64.ActiveCfg = Release|Any CPU
		{2B72AACE-513D-466E-8B24-0B22C8A6D67A}.Release|x64.Build.0 = Release|Any CPU
		{2B72AACE-513D-466E-8B24-0B22C8A6D67A}.Release|x86.ActiveCfg = Release|Any CPU
		{2B72AACE-513D-466E-8B24-0B22C8A6D67A}.Release|x86.Build.0 = Release|Any CPU
		{8BD3CD11-439A-4AC3-B82A-41016C263211}.Debug|Any CPU.ActiveCfg = Debug|Any CPU
		{8BD3CD11-439A-4AC3-B82A-41016C263211}.Debug|Any CPU.Build.0 = Debug|Any CPU
		{8BD3CD11-439A-4AC3-B82A-41016C263211}.Debug|x64.ActiveCfg = Debug|Any CPU
		{8BD3CD11-439A-4AC3-B82A-41016C263211}.Debug|x64.Build.0 = Debug|Any CPU
		{8BD3CD11-439A-4AC3-B82A-41016C263211}.Debug|x86.ActiveCfg = Debug|Any CPU
		{8BD3CD11-439A-4AC3-B82A-41016C263211}.Debug|x86.Build.0 = Debug|Any CPU
		{8BD3CD11-439A-4AC3-B82A-41016C263211}.Release|Any CPU.ActiveCfg = Release|Any CPU
		{8BD3CD11-439A-4AC3-B82A-41016C263211}.Release|Any CPU.Build.0 = Release|Any CPU
		{8BD3CD11-439A-4AC3-B82A-41016C263211}.Release|x64.ActiveCfg = Release|Any CPU
		{8BD3CD11-439A-4AC3-B82A-41016C263211}.Release|x64.Build.0 = Release|Any CPU
		{8BD3CD11-439A-4AC3-B82A-41016C263211}.Release|x86.ActiveCfg = Release|Any CPU
		{8BD3CD11-439A-4AC3-B82A-41016C263211}.Release|x86.Build.0 = Release|Any CPU
		{DD351F1A-D873-4078-AE38-F5C9E620D477}.Debug|Any CPU.ActiveCfg = Debug|Any CPU
		{DD351F1A-D873-4078-AE38-F5C9E620D477}.Debug|Any CPU.Build.0 = Debug|Any CPU
		{DD351F1A-D873-4078-AE38-F5C9E620D477}.Debug|x64.ActiveCfg = Debug|Any CPU
		{DD351F1A-D873-4078-AE38-F5C9E620D477}.Debug|x64.Build.0 = Debug|Any CPU
		{DD351F1A-D873-4078-AE38-F5C9E620D477}.Debug|x86.ActiveCfg = Debug|Any CPU
		{DD351F1A-D873-4078-AE38-F5C9E620D477}.Debug|x86.Build.0 = Debug|Any CPU
		{DD351F1A-D873-4078-AE38-F5C9E620D477}.Release|Any CPU.ActiveCfg = Release|Any CPU
		{DD351F1A-D873-4078-AE38-F5C9E620D477}.Release|Any CPU.Build.0 = Release|Any CPU
		{DD351F1A-D873-4078-AE38-F5C9E620D477}.Release|x64.ActiveCfg = Release|Any CPU
		{DD351F1A-D873-4078-AE38-F5C9E620D477}.Release|x64.Build.0 = Release|Any CPU
		{DD351F1A-D873-4078-AE38-F5C9E620D477}.Release|x86.ActiveCfg = Release|Any CPU
		{DD351F1A-D873-4078-AE38-F5C9E620D477}.Release|x86.Build.0 = Release|Any CPU
		{4AEBFA93-07BB-40A5-BAEB-B761EF6AE5BB}.Debug|Any CPU.ActiveCfg = Debug|Any CPU
		{4AEBFA93-07BB-40A5-BAEB-B761EF6AE5BB}.Debug|Any CPU.Build.0 = Debug|Any CPU
		{4AEBFA93-07BB-40A5-BAEB-B761EF6AE5BB}.Debug|x64.ActiveCfg = Debug|Any CPU
		{4AEBFA93-07BB-40A5-BAEB-B761EF6AE5BB}.Debug|x64.Build.0 = Debug|Any CPU
		{4AEBFA93-07BB-40A5-BAEB-B761EF6AE5BB}.Debug|x86.ActiveCfg = Debug|Any CPU
		{4AEBFA93-07BB-40A5-BAEB-B761EF6AE5BB}.Debug|x86.Build.0 = Debug|Any CPU
		{4AEBFA93-07BB-40A5-BAEB-B761EF6AE5BB}.Release|Any CPU.ActiveCfg = Release|Any CPU
		{4AEBFA93-07BB-40A5-BAEB-B761EF6AE5BB}.Release|Any CPU.Build.0 = Release|Any CPU
		{4AEBFA93-07BB-40A5-BAEB-B761EF6AE5BB}.Release|x64.ActiveCfg = Release|Any CPU
		{4AEBFA93-07BB-40A5-BAEB-B761EF6AE5BB}.Release|x64.Build.0 = Release|Any CPU
		{4AEBFA93-07BB-40A5-BAEB-B761EF6AE5BB}.Release|x86.ActiveCfg = Release|Any CPU
		{4AEBFA93-07BB-40A5-BAEB-B761EF6AE5BB}.Release|x86.Build.0 = Release|Any CPU
		{98E58001-40F5-4E03-9210-DC7F2B48E3D8}.Debug|Any CPU.ActiveCfg = Debug|Any CPU
		{98E58001-40F5-4E03-9210-DC7F2B48E3D8}.Debug|Any CPU.Build.0 = Debug|Any CPU
		{98E58001-40F5-4E03-9210-DC7F2B48E3D8}.Debug|x64.ActiveCfg = Debug|Any CPU
		{98E58001-40F5-4E03-9210-DC7F2B48E3D8}.Debug|x64.Build.0 = Debug|Any CPU
		{98E58001-40F5-4E03-9210-DC7F2B48E3D8}.Debug|x86.ActiveCfg = Debug|Any CPU
		{98E58001-40F5-4E03-9210-DC7F2B48E3D8}.Debug|x86.Build.0 = Debug|Any CPU
		{98E58001-40F5-4E03-9210-DC7F2B48E3D8}.Release|Any CPU.ActiveCfg = Release|Any CPU
		{98E58001-40F5-4E03-9210-DC7F2B48E3D8}.Release|Any CPU.Build.0 = Release|Any CPU
		{98E58001-40F5-4E03-9210-DC7F2B48E3D8}.Release|x64.ActiveCfg = Release|Any CPU
		{98E58001-40F5-4E03-9210-DC7F2B48E3D8}.Release|x64.Build.0 = Release|Any CPU
		{98E58001-40F5-4E03-9210-DC7F2B48E3D8}.Release|x86.ActiveCfg = Release|Any CPU
		{98E58001-40F5-4E03-9210-DC7F2B48E3D8}.Release|x86.Build.0 = Release|Any CPU
		{4997FAAC-1D9A-4FDF-8937-F342B2BC5FB7}.Debug|Any CPU.ActiveCfg = Debug|Any CPU
		{4997FAAC-1D9A-4FDF-8937-F342B2BC5FB7}.Debug|Any CPU.Build.0 = Debug|Any CPU
		{4997FAAC-1D9A-4FDF-8937-F342B2BC5FB7}.Debug|x64.ActiveCfg = Debug|Any CPU
		{4997FAAC-1D9A-4FDF-8937-F342B2BC5FB7}.Debug|x64.Build.0 = Debug|Any CPU
		{4997FAAC-1D9A-4FDF-8937-F342B2BC5FB7}.Debug|x86.ActiveCfg = Debug|Any CPU
		{4997FAAC-1D9A-4FDF-8937-F342B2BC5FB7}.Debug|x86.Build.0 = Debug|Any CPU
		{4997FAAC-1D9A-4FDF-8937-F342B2BC5FB7}.Release|Any CPU.ActiveCfg = Release|Any CPU
		{4997FAAC-1D9A-4FDF-8937-F342B2BC5FB7}.Release|Any CPU.Build.0 = Release|Any CPU
		{4997FAAC-1D9A-4FDF-8937-F342B2BC5FB7}.Release|x64.ActiveCfg = Release|Any CPU
		{4997FAAC-1D9A-4FDF-8937-F342B2BC5FB7}.Release|x64.Build.0 = Release|Any CPU
		{4997FAAC-1D9A-4FDF-8937-F342B2BC5FB7}.Release|x86.ActiveCfg = Release|Any CPU
		{4997FAAC-1D9A-4FDF-8937-F342B2BC5FB7}.Release|x86.Build.0 = Release|Any CPU
	EndGlobalSection
	GlobalSection(SolutionProperties) = preSolution
		HideSolutionNode = FALSE
	EndGlobalSection
	GlobalSection(NestedProjects) = preSolution
		{900448DC-4253-47F1-9BC5-49F720760C76} = {CA253913-39DE-BFD0-C9A3-4B7EC6FBDF17}
		{BE1CDA85-C47E-4F6F-B6CD-459DE13DD8D6} = {900448DC-4253-47F1-9BC5-49F720760C76}
		{AADF769D-1359-419E-8912-867CB4AFD267} = {900448DC-4253-47F1-9BC5-49F720760C76}
		{03E588E7-54C4-460A-B3D0-4039A5387F8B} = {900448DC-4253-47F1-9BC5-49F720760C76}
		{2BDE5A51-916C-425C-B87D-48380E679DC3} = {900448DC-4253-47F1-9BC5-49F720760C76}
		{BB0BEEE1-C6CC-7430-AB70-8D0C82AE13B4} = {CA253913-39DE-BFD0-C9A3-4B7EC6FBDF17}
		{AF1974C9-F8C4-4DEF-B179-D7FBEE2FF2B9} = {BB0BEEE1-C6CC-7430-AB70-8D0C82AE13B4}
		{4EE8EA06-FCBE-4F46-A92A-44F7FF3AF00E} = {BB0BEEE1-C6CC-7430-AB70-8D0C82AE13B4}
		{2E8917A5-DB8E-48A5-950F-EAE097D81C30} = {BB0BEEE1-C6CC-7430-AB70-8D0C82AE13B4}
		{929FBCD3-2002-4AE0-9A0E-3B9205AC4D4D} = {BB0BEEE1-C6CC-7430-AB70-8D0C82AE13B4}
		{F47D598A-95F7-1C7E-14A3-978736B6800A} = {CA253913-39DE-BFD0-C9A3-4B7EC6FBDF17}
		{FE5F10CD-62CF-43EF-A072-03F129D1E5F1} = {F47D598A-95F7-1C7E-14A3-978736B6800A}
		{BA7698E5-03C1-420F-A53D-86CDF03FB351} = {F47D598A-95F7-1C7E-14A3-978736B6800A}
		{937D1384-3C1F-4F5A-9134-E09FEF274FB2} = {F47D598A-95F7-1C7E-14A3-978736B6800A}
		{D78C40D6-7227-4BC5-B8AE-370E74059F67} = {F47D598A-95F7-1C7E-14A3-978736B6800A}
		{D45DF398-AADE-E378-9B8B-D453F74BDFDB} = {CA253913-39DE-BFD0-C9A3-4B7EC6FBDF17}
		{3A58C03B-1D33-4EE1-AACF-6D3B65C4A9E8} = {D45DF398-AADE-E378-9B8B-D453F74BDFDB}
		{C6696672-94C6-4E12-A97C-EA2092C0D762} = {D45DF398-AADE-E378-9B8B-D453F74BDFDB}
		{029493A1-B732-4EAE-BB2B-411ED0608B74} = {D45DF398-AADE-E378-9B8B-D453F74BDFDB}
		{153014C2-5492-4C0D-8E58-7E128565A87B} = {D45DF398-AADE-E378-9B8B-D453F74BDFDB}
		{6E738700-F19F-83EF-9B5F-3C8900D73B86} = {CA253913-39DE-BFD0-C9A3-4B7EC6FBDF17}
		{F3088E6F-D63E-440E-A5DD-F50984BC31A7} = {6E738700-F19F-83EF-9B5F-3C8900D73B86}
		{5273B14C-9A9F-4D6D-9151-E49D58A7B32F} = {6E738700-F19F-83EF-9B5F-3C8900D73B86}
		{C8151198-4167-4ECB-AF64-644BE4E58258} = {6E738700-F19F-83EF-9B5F-3C8900D73B86}
		{2B72AACE-513D-466E-8B24-0B22C8A6D67A} = {6E738700-F19F-83EF-9B5F-3C8900D73B86}
		{8BD3CD11-439A-4AC3-B82A-41016C263211} = {D82C56D6-B2CD-F611-9E31-04638F7EC30E}
		{DD351F1A-D873-4078-AE38-F5C9E620D477} = {4F52FD11-658E-A102-6CD3-7D7C16FFA15B}
		{4AEBFA93-07BB-40A5-BAEB-B761EF6AE5BB} = {4F52FD11-658E-A102-6CD3-7D7C16FFA15B}
		{98E58001-40F5-4E03-9210-DC7F2B48E3D8} = {4F52FD11-658E-A102-6CD3-7D7C16FFA15B}
		{4997FAAC-1D9A-4FDF-8937-F342B2BC5FB7} = {4F52FD11-658E-A102-6CD3-7D7C16FFA15B}
	EndGlobalSection
EndGlobal
